<?xml version="1.0" encoding="utf-8"?>
<Project ToolsVersion="4.0" xmlns="http://schemas.microsoft.com/developer/msbuild/2003">
  <ItemGroup>
    <Filter Include="Source Files">
      <UniqueIdentifier>{cb793afe-b236-4ce2-8e15-84dffbb1fd90}</UniqueIdentifier>
      <Extensions>cpp;c;cxx;rc;def;r;odl;idl;hpj;bat</Extensions>
    </Filter>
    <Filter Include="Header Files">
      <UniqueIdentifier>{dde9604c-2ced-4fb4-9e24-bae994e7ba42}</UniqueIdentifier>
      <Extensions>h;hpp;hxx;hm;inl</Extensions>
    </Filter>
    <Filter Include="Resource Files">
      <UniqueIdentifier>{cafe19ac-99f6-4c53-ada5-cdf74f93403e}</UniqueIdentifier>
      <Extensions>ico;cur;bmp;dlg;rc2;rct;bin;rgs;gif;jpg;jpeg;jpe</Extensions>
    </Filter>
  </ItemGroup>
  <ItemGroup>
    <ClCompile Include="icVector.cpp">
      <Filter>Source Files</Filter>
    </ClCompile>
    <ClCompile Include="learnply.cpp">
      <Filter>Source Files</Filter>
    </ClCompile>
    <ClCompile Include="ply.cpp">
      <Filter>Source Files</Filter>
    </ClCompile>
    <ClCompile Include="tmatrix.cpp">
      <Filter>Source Files</Filter>
    </ClCompile>
    <ClCompile Include="trackball.cpp">
      <Filter>Source Files</Filter>
    </ClCompile>
  </ItemGroup>
  <ItemGroup>
    <ClInclude Include="icMatrix.H">
      <Filter>Header Files</Filter>
    </ClInclude>
    <ClInclude Include="icVector.H">
      <Filter>Header Files</Filter>
    </ClInclude>
    <ClInclude Include="learnply.h">
      <Filter>Header Files</Filter>
    </ClInclude>
    <ClInclude Include="learnply_io.h">
      <Filter>Header Files</Filter>
    </ClInclude>
    <ClInclude Include="ply.h">
      <Filter>Header Files</Filter>
    </ClInclude>
    <ClInclude Include="tmatrix.h">
      <Filter>Header Files</Filter>
    </ClInclude>
    <ClInclude Include="trackball.h">
      <Filter>Header Files</Filter>
    </ClInclude>
  </ItemGroup>
  <ItemGroup>
    <None Include="packages.config" />
  </ItemGroup>
</Project>