<?xml version="1.0" encoding="utf-8"?>
<Project ToolsVersion="4.0" xmlns="http://schemas.microsoft.com/developer/msbuild/2003">
  <ItemGroup>
    <Filter Include="Source Files">
      <UniqueIdentifier>{e6df7845-0e58-4439-befa-e5198c5623d5}</UniqueIdentifier>
      <Extensions>cpp;c;cxx;rc;def;r;odl;idl;hpj;bat</Extensions>
    </Filter>
    <Filter Include="Header Files">
      <UniqueIdentifier>{735f3415-1105-40f4-8ffb-d2ec4a267cf7}</UniqueIdentifier>
      <Extensions>h;hpp;hxx;hm;inl</Extensions>
    </Filter>
    <Filter Include="Resource Files">
      <UniqueIdentifier>{5d3f2ac5-4498-46bf-9df4-93f636caf3d3}</UniqueIdentifier>
      <Extensions>ico;cur;bmp;dlg;rc2;rct;bin;rgs;gif;jpg;jpeg;jpe</Extensions>
    </Filter>
  </ItemGroup>
  <ItemGroup>
    <ClCompile Include="icVector.cpp">
      <Filter>Source Files</Filter>
    </ClCompile>
    <ClCompile Include="learnply.cpp">
      <Filter>Source Files</Filter>
    </ClCompile>
    <ClCompile Include="ply.cpp">
      <Filter>Source Files</Filter>
    </ClCompile>
    <ClCompile Include="tmatrix.cpp">
      <Filter>Source Files</Filter>
    </ClCompile>
    <ClCompile Include="trackball.cpp">
      <Filter>Source Files</Filter>
    </ClCompile>
  </ItemGroup>
  <ItemGroup>
    <ClInclude Include="icMatrix.H">
      <Filter>Header Files</Filter>
    </ClInclude>
    <ClInclude Include="icVector.H">
      <Filter>Header Files</Filter>
    </ClInclude>
    <ClInclude Include="learnply.h">
      <Filter>Header Files</Filter>
    </ClInclude>
    <ClInclude Include="learnply_io.h">
      <Filter>Header Files</Filter>
    </ClInclude>
    <ClInclude Include="ply.h">
      <Filter>Header Files</Filter>
    </ClInclude>
    <ClInclude Include="tmatrix.h">
      <Filter>Header Files</Filter>
    </ClInclude>
    <ClInclude Include="trackball.h">
      <Filter>Header Files</Filter>
    </ClInclude>
  </ItemGroup>
  <ItemGroup>
    <None Include="packages.config" />
  </ItemGroup>
</Project>